
Microsoft Visual Studio Solution File, Format Version 12.00
# Visual Studio Version 17
VisualStudioVersion = 17.6.33712.159
MinimumVisualStudioVersion = 10.0.40219.1
Project("{FAE04EC0-301F-11D3-BF4B-00C04F79EFBC}") = "Livraria_App.Android", "Livraria_App\Livraria_App.Android\Livraria_App.Android.csproj", "{7A761459-976E-472E-8061-B50DF1BA2EEE}"
EndProject
Project("{FAE04EC0-301F-11D3-BF4B-00C04F79EFBC}") = "Livraria_App.iOS", "Livraria_App\Livraria_App.iOS\Livraria_App.iOS.csproj", "{04F43DCC-74DB-4158-B21A-F10989F1854D}"
EndProject
Project("{FAE04EC0-301F-11D3-BF4B-00C04F79EFBC}") = "Livraria_App", "Livraria_App\Livraria_App\Livraria_App.csproj", "{FB476A41-09F3-43EB-868F-A31ED12CA802}"
EndProject
Global
	GlobalSection(SolutionConfigurationPlatforms) = preSolution
		Debug|Any CPU = Debug|Any CPU
		Debug|iPhone = Debug|iPhone
		Debug|iPhoneSimulator = Debug|iPhoneSimulator
		Release|Any CPU = Release|Any CPU
		Release|iPhone = Release|iPhone
		Release|iPhoneSimulator = Release|iPhoneSimulator
	EndGlobalSection
	GlobalSection(ProjectConfigurationPlatforms) = postSolution
		{7A761459-976E-472E-8061-B50DF1BA2EEE}.Debug|Any CPU.ActiveCfg = Debug|Any CPU
		{7A761459-976E-472E-8061-B50DF1BA2EEE}.Debug|Any CPU.Build.0 = Debug|Any CPU
		{7A761459-976E-472E-8061-B50DF1BA2EEE}.Debug|Any CPU.Deploy.0 = Debug|Any CPU
		{7A761459-976E-472E-8061-B50DF1BA2EEE}.Debug|iPhone.ActiveCfg = Debug|Any CPU
		{7A761459-976E-472E-8061-B50DF1BA2EEE}.Debug|iPhone.Build.0 = Debug|Any CPU
		{7A761459-976E-472E-8061-B50DF1BA2EEE}.Debug|iPhone.Deploy.0 = Debug|Any CPU
		{7A761459-976E-472E-8061-B50DF1BA2EEE}.Debug|iPhoneSimulator.ActiveCfg = Debug|Any CPU
		{7A761459-976E-472E-8061-B50DF1BA2EEE}.Debug|iPhoneSimulator.Build.0 = Debug|Any CPU
		{7A761459-976E-472E-8061-B50DF1BA2EEE}.Debug|iPhoneSimulator.Deploy.0 = Debug|Any CPU
		{7A761459-976E-472E-8061-B50DF1BA2EEE}.Release|Any CPU.ActiveCfg = Release|Any CPU
		{7A761459-976E-472E-8061-B50DF1BA2EEE}.Release|Any CPU.Build.0 = Release|Any CPU
		{7A761459-976E-472E-8061-B50DF1BA2EEE}.Release|Any CPU.Deploy.0 = Release|Any CPU
		{7A761459-976E-472E-8061-B50DF1BA2EEE}.Release|iPhone.ActiveCfg = Release|Any CPU
		{7A761459-976E-472E-8061-B50DF1BA2EEE}.Release|iPhone.Build.0 = Release|Any CPU
		{7A761459-976E-472E-8061-B50DF1BA2EEE}.Release|iPhone.Deploy.0 = Release|Any CPU
		{7A761459-976E-472E-8061-B50DF1BA2EEE}.Release|iPhoneSimulator.ActiveCfg = Release|Any CPU
		{7A761459-976E-472E-8061-B50DF1BA2EEE}.Release|iPhoneSimulator.Build.0 = Release|Any CPU
		{7A761459-976E-472E-8061-B50DF1BA2EEE}.Release|iPhoneSimulator.Deploy.0 = Release|Any CPU
		{04F43DCC-74DB-4158-B21A-F10989F1854D}.Debug|Any CPU.ActiveCfg = Debug|iPhone
		{04F43DCC-74DB-4158-B21A-F10989F1854D}.Debug|Any CPU.Build.0 = Debug|iPhone
		{04F43DCC-74DB-4158-B21A-F10989F1854D}.Debug|Any CPU.Deploy.0 = Debug|iPhone
		{04F43DCC-74DB-4158-B21A-F10989F1854D}.Debug|iPhone.ActiveCfg = Debug|iPhone
		{04F43DCC-74DB-4158-B21A-F10989F1854D}.Debug|iPhone.Build.0 = Debug|iPhone
		{04F43DCC-74DB-4158-B21A-F10989F1854D}.Debug|iPhone.Deploy.0 = Debug|iPhone
		{04F43DCC-74DB-4158-B21A-F10989F1854D}.Debug|iPhoneSimulator.ActiveCfg = Debug|iPhoneSimulator
		{04F43DCC-74DB-4158-B21A-F10989F1854D}.Debug|iPhoneSimulator.Build.0 = Debug|iPhoneSimulator
		{04F43DCC-74DB-4158-B21A-F10989F1854D}.Debug|iPhoneSimulator.Deploy.0 = Debug|iPhoneSimulator
		{04F43DCC-74DB-4158-B21A-F10989F1854D}.Release|Any CPU.ActiveCfg = Release|iPhoneSimulator
		{04F43DCC-74DB-4158-B21A-F10989F1854D}.Release|Any CPU.Build.0 = Release|iPhoneSimulator
		{04F43DCC-74DB-4158-B21A-F10989F1854D}.Release|Any CPU.Deploy.0 = Release|iPhoneSimulator
		{04F43DCC-74DB-4158-B21A-F10989F1854D}.Release|iPhone.ActiveCfg = Release|iPhone
		{04F43DCC-74DB-4158-B21A-F10989F1854D}.Release|iPhone.Build.0 = Release|iPhone
		{04F43DCC-74DB-4158-B21A-F10989F1854D}.Release|iPhone.Deploy.0 = Release|iPhone
		{04F43DCC-74DB-4158-B21A-F10989F1854D}.Release|iPhoneSimulator.ActiveCfg = Release|iPhoneSimulator
		{04F43DCC-74DB-4158-B21A-F10989F1854D}.Release|iPhoneSimulator.Build.0 = Release|iPhoneSimulator
		{04F43DCC-74DB-4158-B21A-F10989F1854D}.Release|iPhoneSimulator.Deploy.0 = Release|iPhoneSimulator
		{FB476A41-09F3-43EB-868F-A31ED12CA802}.Debug|Any CPU.ActiveCfg = Debug|Any CPU
		{FB476A41-09F3-43EB-868F-A31ED12CA802}.Debug|Any CPU.Build.0 = Debug|Any CPU
		{FB476A41-09F3-43EB-868F-A31ED12CA802}.Debug|Any CPU.Deploy.0 = Debug|Any CPU
		{FB476A41-09F3-43EB-868F-A31ED12CA802}.Debug|iPhone.ActiveCfg = Debug|Any CPU
		{FB476A41-09F3-43EB-868F-A31ED12CA802}.Debug|iPhone.Build.0 = Debug|Any CPU
		{FB476A41-09F3-43EB-868F-A31ED12CA802}.Debug|iPhone.Deploy.0 = Debug|Any CPU
		{FB476A41-09F3-43EB-868F-A31ED12CA802}.Debug|iPhoneSimulator.ActiveCfg = Debug|Any CPU
		{FB476A41-09F3-43EB-868F-A31ED12CA802}.Debug|iPhoneSimulator.Build.0 = Debug|Any CPU
		{FB476A41-09F3-43EB-868F-A31ED12CA802}.Debug|iPhoneSimulator.Deploy.0 = Debug|Any CPU
		{FB476A41-09F3-43EB-868F-A31ED12CA802}.Release|Any CPU.ActiveCfg = Release|Any CPU
		{FB476A41-09F3-43EB-868F-A31ED12CA802}.Release|Any CPU.Build.0 = Release|Any CPU
		{FB476A41-09F3-43EB-868F-A31ED12CA802}.Release|Any CPU.Deploy.0 = Release|Any CPU
		{FB476A41-09F3-43EB-868F-A31ED12CA802}.Release|iPhone.ActiveCfg = Release|Any CPU
		{FB476A41-09F3-43EB-868F-A31ED12CA802}.Release|iPhone.Build.0 = Release|Any CPU
		{FB476A41-09F3-43EB-868F-A31ED12CA802}.Release|iPhone.Deploy.0 = Release|Any CPU
		{FB476A41-09F3-43EB-868F-A31ED12CA802}.Release|iPhoneSimulator.ActiveCfg = Release|Any CPU
		{FB476A41-09F3-43EB-868F-A31ED12CA802}.Release|iPhoneSimulator.Build.0 = Release|Any CPU
		{FB476A41-09F3-43EB-868F-A31ED12CA802}.Release|iPhoneSimulator.Deploy.0 = Release|Any CPU
	EndGlobalSection
	GlobalSection(SolutionProperties) = preSolution
		HideSolutionNode = FALSE
	EndGlobalSection
	GlobalSection(ExtensibilityGlobals) = postSolution
		SolutionGuid = {998D225B-C747-4904-A936-8638EEA4A2C1}
	EndGlobalSection
EndGlobal
